// !$*UTF8*$!
{
	archiveVersion = 1;
	classes = {
	};
	objectVersion = 46;
	objects = {

/* Begin PBXBuildFile section */
		A6AE70C6CC0DC5F2E1418545 /* Pods_Tests_macOS.framework in Frameworks */ = {isa = PBXBuildFile; fileRef = F0BA78F0DE5E2B7E635FDA10 /* Pods_Tests_macOS.framework */; };
		C1234B111D2C5CB1004AB3A1 /* TweetModel.swift in Sources */ = {isa = PBXBuildFile; fileRef = C1234B0F1D2C5CB1004AB3A1 /* TweetModel.swift */; };
		C1234B121D2C5CB1004AB3A1 /* TweetView.swift in Sources */ = {isa = PBXBuildFile; fileRef = C1234B101D2C5CB1004AB3A1 /* TweetView.swift */; };
		C1234B141D2C5CBD004AB3A1 /* NSImage+Easy.swift in Sources */ = {isa = PBXBuildFile; fileRef = C1234B131D2C5CBD004AB3A1 /* NSImage+Easy.swift */; };
		C1B763251D2983DD0054C2B0 /* AppDelegate.swift in Sources */ = {isa = PBXBuildFile; fileRef = C1B763241D2983DD0054C2B0 /* AppDelegate.swift */; };
		C1B763271D2983DD0054C2B0 /* Assets.xcassets in Resources */ = {isa = PBXBuildFile; fileRef = C1B763261D2983DD0054C2B0 /* Assets.xcassets */; };
		C1B7632A1D2983DD0054C2B0 /* MainMenu.xib in Resources */ = {isa = PBXBuildFile; fileRef = C1B763281D2983DD0054C2B0 /* MainMenu.xib */; };
		C1B763421D298A0F0054C2B0 /* FeedController.swift in Sources */ = {isa = PBXBuildFile; fileRef = C1B763411D298A0F0054C2B0 /* FeedController.swift */; };
		C1B763441D298C620054C2B0 /* SideBarView.swift in Sources */ = {isa = PBXBuildFile; fileRef = C1B763431D298C620054C2B0 /* SideBarView.swift */; };
		C1B763471D298CD60054C2B0 /* NSColor+Easy.swift in Sources */ = {isa = PBXBuildFile; fileRef = C1B763461D298CD60054C2B0 /* NSColor+Easy.swift */; };
		C1B763491D298F780054C2B0 /* FeedView.swift in Sources */ = {isa = PBXBuildFile; fileRef = C1B763481D298F780054C2B0 /* FeedView.swift */; };
		F3E774E62F71E31079E00432 /* Pods_Demo_macOS.framework in Frameworks */ = {isa = PBXBuildFile; fileRef = 0697E51B42CCA806489A2BD2 /* Pods_Demo_macOS.framework */; };
/* End PBXBuildFile section */

/* Begin PBXContainerItemProxy section */
		C1B763311D2983DD0054C2B0 /* PBXContainerItemProxy */ = {
			isa = PBXContainerItemProxy;
			containerPortal = C1B763191D2983DD0054C2B0 /* Project object */;
			proxyType = 1;
			remoteGlobalIDString = C1B763201D2983DD0054C2B0;
			remoteInfo = "Demo macOS";
		};
/* End PBXContainerItemProxy section */

/* Begin PBXFileReference section */
		0697E51B42CCA806489A2BD2 /* Pods_Demo_macOS.framework */ = {isa = PBXFileReference; explicitFileType = wrapper.framework; includeInIndex = 0; path = Pods_Demo_macOS.framework; sourceTree = BUILT_PRODUCTS_DIR; };
		6DDB8442082DB77EB3748F1F /* Pods-Demo macOS.debug.xcconfig */ = {isa = PBXFileReference; includeInIndex = 1; lastKnownFileType = text.xcconfig; name = "Pods-Demo macOS.debug.xcconfig"; path = "../Pods/Target Support Files/Pods-Demo macOS/Pods-Demo macOS.debug.xcconfig"; sourceTree = "<group>"; };
		9826534A643C7F0303AB6232 /* Pods-Tests macOS.debug.xcconfig */ = {isa = PBXFileReference; includeInIndex = 1; lastKnownFileType = text.xcconfig; name = "Pods-Tests macOS.debug.xcconfig"; path = "../Pods/Target Support Files/Pods-Tests macOS/Pods-Tests macOS.debug.xcconfig"; sourceTree = "<group>"; };
		C1234B0F1D2C5CB1004AB3A1 /* TweetModel.swift */ = {isa = PBXFileReference; fileEncoding = 4; lastKnownFileType = sourcecode.swift; path = TweetModel.swift; sourceTree = "<group>"; };
		C1234B101D2C5CB1004AB3A1 /* TweetView.swift */ = {isa = PBXFileReference; fileEncoding = 4; lastKnownFileType = sourcecode.swift; path = TweetView.swift; sourceTree = "<group>"; };
		C1234B131D2C5CBD004AB3A1 /* NSImage+Easy.swift */ = {isa = PBXFileReference; fileEncoding = 4; lastKnownFileType = sourcecode.swift; path = "NSImage+Easy.swift"; sourceTree = "<group>"; };
		C1B763211D2983DD0054C2B0 /* Demo macOS.app */ = {isa = PBXFileReference; explicitFileType = wrapper.application; includeInIndex = 0; path = "Demo macOS.app"; sourceTree = BUILT_PRODUCTS_DIR; };
		C1B763241D2983DD0054C2B0 /* AppDelegate.swift */ = {isa = PBXFileReference; lastKnownFileType = sourcecode.swift; path = AppDelegate.swift; sourceTree = "<group>"; };
		C1B763261D2983DD0054C2B0 /* Assets.xcassets */ = {isa = PBXFileReference; lastKnownFileType = folder.assetcatalog; path = Assets.xcassets; sourceTree = "<group>"; };
		C1B763291D2983DD0054C2B0 /* Base */ = {isa = PBXFileReference; lastKnownFileType = file.xib; name = Base; path = Base.lproj/MainMenu.xib; sourceTree = "<group>"; };
		C1B7632B1D2983DD0054C2B0 /* Info.plist */ = {isa = PBXFileReference; lastKnownFileType = text.plist.xml; path = Info.plist; sourceTree = "<group>"; };
		C1B763301D2983DD0054C2B0 /* Tests macOS.xctest */ = {isa = PBXFileReference; explicitFileType = wrapper.cfbundle; includeInIndex = 0; path = "Tests macOS.xctest"; sourceTree = BUILT_PRODUCTS_DIR; };
		C1B763361D2983DD0054C2B0 /* Info.plist */ = {isa = PBXFileReference; lastKnownFileType = text.plist.xml; path = Info.plist; sourceTree = "<group>"; };
		C1B763411D298A0F0054C2B0 /* FeedController.swift */ = {isa = PBXFileReference; fileEncoding = 4; lastKnownFileType = sourcecode.swift; path = FeedController.swift; sourceTree = "<group>"; };
		C1B763431D298C620054C2B0 /* SideBarView.swift */ = {isa = PBXFileReference; fileEncoding = 4; lastKnownFileType = sourcecode.swift; path = SideBarView.swift; sourceTree = "<group>"; };
		C1B763461D298CD60054C2B0 /* NSColor+Easy.swift */ = {isa = PBXFileReference; fileEncoding = 4; lastKnownFileType = sourcecode.swift; path = "NSColor+Easy.swift"; sourceTree = "<group>"; };
		C1B763481D298F780054C2B0 /* FeedView.swift */ = {isa = PBXFileReference; fileEncoding = 4; lastKnownFileType = sourcecode.swift; path = FeedView.swift; sourceTree = "<group>"; };
		C1E01E331D30F25A002A7F76 /* Tests macOS-Bridging-Header.h */ = {isa = PBXFileReference; lastKnownFileType = sourcecode.c.h; path = "Tests macOS-Bridging-Header.h"; sourceTree = "<group>"; };
		C5EF169D4A229383D705B53B /* Pods-Tests macOS.release.xcconfig */ = {isa = PBXFileReference; includeInIndex = 1; lastKnownFileType = text.xcconfig; name = "Pods-Tests macOS.release.xcconfig"; path = "../Pods/Target Support Files/Pods-Tests macOS/Pods-Tests macOS.release.xcconfig"; sourceTree = "<group>"; };
		F0BA78F0DE5E2B7E635FDA10 /* Pods_Tests_macOS.framework */ = {isa = PBXFileReference; explicitFileType = wrapper.framework; includeInIndex = 0; path = Pods_Tests_macOS.framework; sourceTree = BUILT_PRODUCTS_DIR; };
		FFC6C5CBCAF63E84B86F1B8E /* Pods-Demo macOS.release.xcconfig */ = {isa = PBXFileReference; includeInIndex = 1; lastKnownFileType = text.xcconfig; name = "Pods-Demo macOS.release.xcconfig"; path = "../Pods/Target Support Files/Pods-Demo macOS/Pods-Demo macOS.release.xcconfig"; sourceTree = "<group>"; };
/* End PBXFileReference section */

/* Begin PBXFrameworksBuildPhase section */
		C1B7631E1D2983DD0054C2B0 /* Frameworks */ = {
			isa = PBXFrameworksBuildPhase;
			buildActionMask = 2147483647;
			files = (
				F3E774E62F71E31079E00432 /* Pods_Demo_macOS.framework in Frameworks */,
			);
			runOnlyForDeploymentPostprocessing = 0;
		};
		C1B7632D1D2983DD0054C2B0 /* Frameworks */ = {
			isa = PBXFrameworksBuildPhase;
			buildActionMask = 2147483647;
			files = (
				A6AE70C6CC0DC5F2E1418545 /* Pods_Tests_macOS.framework in Frameworks */,
			);
			runOnlyForDeploymentPostprocessing = 0;
		};
/* End PBXFrameworksBuildPhase section */

/* Begin PBXGroup section */
		6F9AB28A26BCA53176747368 /* Pods */ = {
			isa = PBXGroup;
			children = (
				6DDB8442082DB77EB3748F1F /* Pods-Demo macOS.debug.xcconfig */,
				FFC6C5CBCAF63E84B86F1B8E /* Pods-Demo macOS.release.xcconfig */,
				9826534A643C7F0303AB6232 /* Pods-Tests macOS.debug.xcconfig */,
				C5EF169D4A229383D705B53B /* Pods-Tests macOS.release.xcconfig */,
			);
			name = Pods;
			sourceTree = "<group>";
		};
		B463B0C7F0A0F4599F3DC9F0 /* Frameworks */ = {
			isa = PBXGroup;
			children = (
				0697E51B42CCA806489A2BD2 /* Pods_Demo_macOS.framework */,
				F0BA78F0DE5E2B7E635FDA10 /* Pods_Tests_macOS.framework */,
			);
			name = Frameworks;
			sourceTree = "<group>";
		};
		C1B763181D2983DD0054C2B0 = {
			isa = PBXGroup;
			children = (
				C1B763231D2983DD0054C2B0 /* Example for EasyPeasy */,
				C1B763331D2983DD0054C2B0 /* Tests */,
				C1B763221D2983DD0054C2B0 /* Products */,
				6F9AB28A26BCA53176747368 /* Pods */,
				B463B0C7F0A0F4599F3DC9F0 /* Frameworks */,
			);
			sourceTree = "<group>";
		};
		C1B763221D2983DD0054C2B0 /* Products */ = {
			isa = PBXGroup;
			children = (
				C1B763211D2983DD0054C2B0 /* Demo macOS.app */,
				C1B763301D2983DD0054C2B0 /* Tests macOS.xctest */,
			);
			name = Products;
			sourceTree = "<group>";
		};
		C1B763231D2983DD0054C2B0 /* Example for EasyPeasy */ = {
			isa = PBXGroup;
			children = (
				C1B763451D298CC00054C2B0 /* Extensions and helpers */,
				C1B763241D2983DD0054C2B0 /* AppDelegate.swift */,
				C1234B0F1D2C5CB1004AB3A1 /* TweetModel.swift */,
				C1234B101D2C5CB1004AB3A1 /* TweetView.swift */,
				C1B763481D298F780054C2B0 /* FeedView.swift */,
				C1B763431D298C620054C2B0 /* SideBarView.swift */,
				C1B763411D298A0F0054C2B0 /* FeedController.swift */,
				C1B763261D2983DD0054C2B0 /* Assets.xcassets */,
				C1B763281D2983DD0054C2B0 /* MainMenu.xib */,
				C1BC9EB11D315EC500FCC163 /* Supporting Files */,
			);
			name = "Example for EasyPeasy";
			path = "Demo macOS";
			sourceTree = "<group>";
		};
		C1B763331D2983DD0054C2B0 /* Tests */ = {
			isa = PBXGroup;
			children = (
				C1E01E321D30F1E6002A7F76 /* Supporting Files */,
			);
			name = Tests;
			path = "Demo macOSTests";
			sourceTree = "<group>";
		};
		C1B763451D298CC00054C2B0 /* Extensions and helpers */ = {
			isa = PBXGroup;
			children = (
				C1234B131D2C5CBD004AB3A1 /* NSImage+Easy.swift */,
				C1B763461D298CD60054C2B0 /* NSColor+Easy.swift */,
			);
			name = "Extensions and helpers";
			sourceTree = "<group>";
		};
		C1BC9EB11D315EC500FCC163 /* Supporting Files */ = {
			isa = PBXGroup;
			children = (
				C1B7632B1D2983DD0054C2B0 /* Info.plist */,
			);
			name = "Supporting Files";
			sourceTree = "<group>";
		};
		C1E01E321D30F1E6002A7F76 /* Supporting Files */ = {
			isa = PBXGroup;
			children = (
				C1E01E331D30F25A002A7F76 /* Tests macOS-Bridging-Header.h */,
				C1B763361D2983DD0054C2B0 /* Info.plist */,
			);
			name = "Supporting Files";
			sourceTree = "<group>";
		};
/* End PBXGroup section */

/* Begin PBXNativeTarget section */
		C1B763201D2983DD0054C2B0 /* Demo macOS */ = {
			isa = PBXNativeTarget;
			buildConfigurationList = C1B763391D2983DD0054C2B0 /* Build configuration list for PBXNativeTarget "Demo macOS" */;
			buildPhases = (
				23B7E46B4C843D72FEF22448 /* [CP] Check Pods Manifest.lock */,
				C1B7631D1D2983DD0054C2B0 /* Sources */,
				C1B7631E1D2983DD0054C2B0 /* Frameworks */,
				C1B7631F1D2983DD0054C2B0 /* Resources */,
				73026F04DA26705EBCD44DCE /* [CP] Embed Pods Frameworks */,
				6421136947D3C793A2CD29F4 /* [CP] Copy Pods Resources */,
			);
			buildRules = (
			);
			dependencies = (
			);
			name = "Demo macOS";
			productName = "Demo macOS";
			productReference = C1B763211D2983DD0054C2B0 /* Demo macOS.app */;
			productType = "com.apple.product-type.application";
		};
		C1B7632F1D2983DD0054C2B0 /* Tests macOS */ = {
			isa = PBXNativeTarget;
			buildConfigurationList = C1B7633C1D2983DD0054C2B0 /* Build configuration list for PBXNativeTarget "Tests macOS" */;
			buildPhases = (
				8FFE6920D6831041933A0117 /* [CP] Check Pods Manifest.lock */,
				C1B7632C1D2983DD0054C2B0 /* Sources */,
				C1B7632D1D2983DD0054C2B0 /* Frameworks */,
				C1B7632E1D2983DD0054C2B0 /* Resources */,
				610BEF86E57B4E74FDD55DDE /* [CP] Embed Pods Frameworks */,
				3C08DF92AE3170204D89C00E /* [CP] Copy Pods Resources */,
			);
			buildRules = (
			);
			dependencies = (
				C1B763321D2983DD0054C2B0 /* PBXTargetDependency */,
			);
			name = "Tests macOS";
			productName = "Demo macOSTests";
			productReference = C1B763301D2983DD0054C2B0 /* Tests macOS.xctest */;
			productType = "com.apple.product-type.bundle.unit-test";
		};
/* End PBXNativeTarget section */

/* Begin PBXProject section */
		C1B763191D2983DD0054C2B0 /* Project object */ = {
			isa = PBXProject;
			attributes = {
				LastSwiftUpdateCheck = 0730;
				LastUpgradeCheck = 0800;
				ORGANIZATIONNAME = nakioStudio;
				TargetAttributes = {
					C1B763201D2983DD0054C2B0 = {
						CreatedOnToolsVersion = 7.3.1;
						LastSwiftMigration = 0800;
					};
					C1B7632F1D2983DD0054C2B0 = {
						CreatedOnToolsVersion = 7.3.1;
						TestTargetID = C1B763201D2983DD0054C2B0;
					};
				};
			};
			buildConfigurationList = C1B7631C1D2983DD0054C2B0 /* Build configuration list for PBXProject "Demo macOS" */;
			compatibilityVersion = "Xcode 3.2";
			developmentRegion = English;
			hasScannedForEncodings = 0;
			knownRegions = (
				en,
				Base,
			);
			mainGroup = C1B763181D2983DD0054C2B0;
			productRefGroup = C1B763221D2983DD0054C2B0 /* Products */;
			projectDirPath = "";
			projectRoot = "";
			targets = (
				C1B763201D2983DD0054C2B0 /* Demo macOS */,
				C1B7632F1D2983DD0054C2B0 /* Tests macOS */,
			);
		};
/* End PBXProject section */

/* Begin PBXResourcesBuildPhase section */
		C1B7631F1D2983DD0054C2B0 /* Resources */ = {
			isa = PBXResourcesBuildPhase;
			buildActionMask = 2147483647;
			files = (
				C1B763271D2983DD0054C2B0 /* Assets.xcassets in Resources */,
				C1B7632A1D2983DD0054C2B0 /* MainMenu.xib in Resources */,
			);
			runOnlyForDeploymentPostprocessing = 0;
		};
		C1B7632E1D2983DD0054C2B0 /* Resources */ = {
			isa = PBXResourcesBuildPhase;
			buildActionMask = 2147483647;
			files = (
			);
			runOnlyForDeploymentPostprocessing = 0;
		};
/* End PBXResourcesBuildPhase section */

/* Begin PBXShellScriptBuildPhase section */
		23B7E46B4C843D72FEF22448 /* [CP] Check Pods Manifest.lock */ = {
			isa = PBXShellScriptBuildPhase;
			buildActionMask = 2147483647;
			files = (
			);
			inputPaths = (
			);
			name = "[CP] Check Pods Manifest.lock";
			outputPaths = (
			);
			runOnlyForDeploymentPostprocessing = 0;
			shellPath = /bin/sh;
			shellScript = "diff \"${PODS_ROOT}/../Podfile.lock\" \"${PODS_ROOT}/Manifest.lock\" > /dev/null\nif [[ $? != 0 ]] ; then\n    cat << EOM\nerror: The sandbox is not in sync with the Podfile.lock. Run 'pod install' or update your CocoaPods installation.\nEOM\n    exit 1\nfi\n";
			showEnvVarsInLog = 0;
		};
		3C08DF92AE3170204D89C00E /* [CP] Copy Pods Resources */ = {
			isa = PBXShellScriptBuildPhase;
			buildActionMask = 2147483647;
			files = (
			);
			inputPaths = (
			);
			name = "[CP] Copy Pods Resources";
			outputPaths = (
			);
			runOnlyForDeploymentPostprocessing = 0;
			shellPath = /bin/sh;
			shellScript = "\"${SRCROOT}/../Pods/Target Support Files/Pods-Tests macOS/Pods-Tests macOS-resources.sh\"\n";
			showEnvVarsInLog = 0;
		};
		610BEF86E57B4E74FDD55DDE /* [CP] Embed Pods Frameworks */ = {
			isa = PBXShellScriptBuildPhase;
			buildActionMask = 2147483647;
			files = (
			);
			inputPaths = (
			);
			name = "[CP] Embed Pods Frameworks";
			outputPaths = (
			);
			runOnlyForDeploymentPostprocessing = 0;
			shellPath = /bin/sh;
			shellScript = "\"${SRCROOT}/../Pods/Target Support Files/Pods-Tests macOS/Pods-Tests macOS-frameworks.sh\"\n";
			showEnvVarsInLog = 0;
		};
		6421136947D3C793A2CD29F4 /* [CP] Copy Pods Resources */ = {
			isa = PBXShellScriptBuildPhase;
			buildActionMask = 2147483647;
			files = (
			);
			inputPaths = (
			);
			name = "[CP] Copy Pods Resources";
			outputPaths = (
			);
			runOnlyForDeploymentPostprocessing = 0;
			shellPath = /bin/sh;
			shellScript = "\"${SRCROOT}/../Pods/Target Support Files/Pods-Demo macOS/Pods-Demo macOS-resources.sh\"\n";
			showEnvVarsInLog = 0;
		};
		73026F04DA26705EBCD44DCE /* [CP] Embed Pods Frameworks */ = {
			isa = PBXShellScriptBuildPhase;
			buildActionMask = 2147483647;
			files = (
			);
			inputPaths = (
			);
			name = "[CP] Embed Pods Frameworks";
			outputPaths = (
			);
			runOnlyForDeploymentPostprocessing = 0;
			shellPath = /bin/sh;
			shellScript = "\"${SRCROOT}/../Pods/Target Support Files/Pods-Demo macOS/Pods-Demo macOS-frameworks.sh\"\n";
			showEnvVarsInLog = 0;
		};
		8FFE6920D6831041933A0117 /* [CP] Check Pods Manifest.lock */ = {
			isa = PBXShellScriptBuildPhase;
			buildActionMask = 2147483647;
			files = (
			);
			inputPaths = (
			);
			name = "[CP] Check Pods Manifest.lock";
			outputPaths = (
			);
			runOnlyForDeploymentPostprocessing = 0;
			shellPath = /bin/sh;
			shellScript = "diff \"${PODS_ROOT}/../Podfile.lock\" \"${PODS_ROOT}/Manifest.lock\" > /dev/null\nif [[ $? != 0 ]] ; then\n    cat << EOM\nerror: The sandbox is not in sync with the Podfile.lock. Run 'pod install' or update your CocoaPods installation.\nEOM\n    exit 1\nfi\n";
			showEnvVarsInLog = 0;
		};
/* End PBXShellScriptBuildPhase section */

/* Begin PBXSourcesBuildPhase section */
		C1B7631D1D2983DD0054C2B0 /* Sources */ = {
			isa = PBXSourcesBuildPhase;
			buildActionMask = 2147483647;
			files = (
				C1B763491D298F780054C2B0 /* FeedView.swift in Sources */,
				C1234B121D2C5CB1004AB3A1 /* TweetView.swift in Sources */,
				C1B763441D298C620054C2B0 /* SideBarView.swift in Sources */,
				C1B763251D2983DD0054C2B0 /* AppDelegate.swift in Sources */,
				C1234B111D2C5CB1004AB3A1 /* TweetModel.swift in Sources */,
				C1B763421D298A0F0054C2B0 /* FeedController.swift in Sources */,
				C1234B141D2C5CBD004AB3A1 /* NSImage+Easy.swift in Sources */,
				C1B763471D298CD60054C2B0 /* NSColor+Easy.swift in Sources */,
			);
			runOnlyForDeploymentPostprocessing = 0;
		};
		C1B7632C1D2983DD0054C2B0 /* Sources */ = {
			isa = PBXSourcesBuildPhase;
			buildActionMask = 2147483647;
			files = (
			);
			runOnlyForDeploymentPostprocessing = 0;
		};
/* End PBXSourcesBuildPhase section */

/* Begin PBXTargetDependency section */
		C1B763321D2983DD0054C2B0 /* PBXTargetDependency */ = {
			isa = PBXTargetDependency;
			target = C1B763201D2983DD0054C2B0 /* Demo macOS */;
			targetProxy = C1B763311D2983DD0054C2B0 /* PBXContainerItemProxy */;
		};
/* End PBXTargetDependency section */

/* Begin PBXVariantGroup section */
		C1B763281D2983DD0054C2B0 /* MainMenu.xib */ = {
			isa = PBXVariantGroup;
			children = (
				C1B763291D2983DD0054C2B0 /* Base */,
			);
			name = MainMenu.xib;
			sourceTree = "<group>";
		};
/* End PBXVariantGroup section */

/* Begin XCBuildConfiguration section */
		C1B763371D2983DD0054C2B0 /* Debug */ = {
			isa = XCBuildConfiguration;
			buildSettings = {
				ALWAYS_EMBED_SWIFT_STANDARD_LIBRARIES = YES;
				ALWAYS_SEARCH_USER_PATHS = NO;
				CLANG_ANALYZER_NONNULL = YES;
				CLANG_CXX_LANGUAGE_STANDARD = "gnu++0x";
				CLANG_CXX_LIBRARY = "libc++";
				CLANG_ENABLE_MODULES = YES;
				CLANG_ENABLE_OBJC_ARC = YES;
				CLANG_WARN_BOOL_CONVERSION = YES;
				CLANG_WARN_CONSTANT_CONVERSION = YES;
				CLANG_WARN_DIRECT_OBJC_ISA_USAGE = YES_ERROR;
				CLANG_WARN_EMPTY_BODY = YES;
				CLANG_WARN_ENUM_CONVERSION = YES;
				CLANG_WARN_INFINITE_RECURSION = YES;
				CLANG_WARN_INT_CONVERSION = YES;
				CLANG_WARN_OBJC_ROOT_CLASS = YES_ERROR;
				CLANG_WARN_SUSPICIOUS_MOVE = YES;
				CLANG_WARN_UNREACHABLE_CODE = YES;
				CLANG_WARN__DUPLICATE_METHOD_MATCH = YES;
				CODE_SIGN_IDENTITY = "-";
				COPY_PHASE_STRIP = NO;
				DEBUG_INFORMATION_FORMAT = dwarf;
				ENABLE_STRICT_OBJC_MSGSEND = YES;
				ENABLE_TESTABILITY = YES;
				GCC_C_LANGUAGE_STANDARD = gnu99;
				GCC_DYNAMIC_NO_PIC = NO;
				GCC_NO_COMMON_BLOCKS = YES;
				GCC_OPTIMIZATION_LEVEL = 0;
				GCC_PREPROCESSOR_DEFINITIONS = (
					"DEBUG=1",
					"$(inherited)",
				);
				GCC_WARN_64_TO_32_BIT_CONVERSION = YES;
				GCC_WARN_ABOUT_RETURN_TYPE = YES_ERROR;
				GCC_WARN_UNDECLARED_SELECTOR = YES;
				GCC_WARN_UNINITIALIZED_AUTOS = YES_AGGRESSIVE;
				GCC_WARN_UNUSED_FUNCTION = YES;
				GCC_WARN_UNUSED_VARIABLE = YES;
				MACOSX_DEPLOYMENT_TARGET = 10.10;
				MTL_ENABLE_DEBUG_INFO = YES;
				ONLY_ACTIVE_ARCH = YES;
				SDKROOT = macosx;
				SWIFT_OPTIMIZATION_LEVEL = "-Onone";
				SWIFT_VERSION = 3.0;
			};
			name = Debug;
		};
		C1B763381D2983DD0054C2B0 /* Release */ = {
			isa = XCBuildConfiguration;
			buildSettings = {
				ALWAYS_EMBED_SWIFT_STANDARD_LIBRARIES = YES;
				ALWAYS_SEARCH_USER_PATHS = NO;
				CLANG_ANALYZER_NONNULL = YES;
				CLANG_CXX_LANGUAGE_STANDARD = "gnu++0x";
				CLANG_CXX_LIBRARY = "libc++";
				CLANG_ENABLE_MODULES = YES;
				CLANG_ENABLE_OBJC_ARC = YES;
				CLANG_WARN_BOOL_CONVERSION = YES;
				CLANG_WARN_CONSTANT_CONVERSION = YES;
				CLANG_WARN_DIRECT_OBJC_ISA_USAGE = YES_ERROR;
				CLANG_WARN_EMPTY_BODY = YES;
				CLANG_WARN_ENUM_CONVERSION = YES;
				CLANG_WARN_INFINITE_RECURSION = YES;
				CLANG_WARN_INT_CONVERSION = YES;
				CLANG_WARN_OBJC_ROOT_CLASS = YES_ERROR;
				CLANG_WARN_SUSPICIOUS_MOVE = YES;
				CLANG_WARN_UNREACHABLE_CODE = YES;
				CLANG_WARN__DUPLICATE_METHOD_MATCH = YES;
				CODE_SIGN_IDENTITY = "-";
				COPY_PHASE_STRIP = NO;
				DEBUG_INFORMATION_FORMAT = "dwarf-with-dsym";
				ENABLE_NS_ASSERTIONS = NO;
				ENABLE_STRICT_OBJC_MSGSEND = YES;
				GCC_C_LANGUAGE_STANDARD = gnu99;
				GCC_NO_COMMON_BLOCKS = YES;
				GCC_WARN_64_TO_32_BIT_CONVERSION = YES;
				GCC_WARN_ABOUT_RETURN_TYPE = YES_ERROR;
				GCC_WARN_UNDECLARED_SELECTOR = YES;
				GCC_WARN_UNINITIALIZED_AUTOS = YES_AGGRESSIVE;
				GCC_WARN_UNUSED_FUNCTION = YES;
				GCC_WARN_UNUSED_VARIABLE = YES;
				MACOSX_DEPLOYMENT_TARGET = 10.10;
				MTL_ENABLE_DEBUG_INFO = NO;
				SDKROOT = macosx;
				SWIFT_OPTIMIZATION_LEVEL = "-Owholemodule";
				SWIFT_VERSION = 3.0;
			};
			name = Release;
		};
		C1B7633A1D2983DD0054C2B0 /* Debug */ = {
			isa = XCBuildConfiguration;
			baseConfigurationReference = 6DDB8442082DB77EB3748F1F /* Pods-Demo macOS.debug.xcconfig */;
			buildSettings = {
				ALWAYS_EMBED_SWIFT_STANDARD_LIBRARIES = YES;
				ASSETCATALOG_COMPILER_APPICON_NAME = AppIcon;
				COMBINE_HIDPI_IMAGES = YES;
				INFOPLIST_FILE = "Demo macOS/Info.plist";
				LD_RUNPATH_SEARCH_PATHS = "$(inherited) @executable_path/../Frameworks";
				PRODUCT_BUNDLE_IDENTIFIER = "com.nakioStudio.Demo-macOS";
				PRODUCT_NAME = "$(TARGET_NAME)";
				SWIFT_VERSION = 3.0;
			};
			name = Debug;
		};
		C1B7633B1D2983DD0054C2B0 /* Release */ = {
			isa = XCBuildConfiguration;
			baseConfigurationReference = FFC6C5CBCAF63E84B86F1B8E /* Pods-Demo macOS.release.xcconfig */;
			buildSettings = {
				ALWAYS_EMBED_SWIFT_STANDARD_LIBRARIES = YES;
				ASSETCATALOG_COMPILER_APPICON_NAME = AppIcon;
				COMBINE_HIDPI_IMAGES = YES;
				INFOPLIST_FILE = "Demo macOS/Info.plist";
				LD_RUNPATH_SEARCH_PATHS = "$(inherited) @executable_path/../Frameworks";
				PRODUCT_BUNDLE_IDENTIFIER = "com.nakioStudio.Demo-macOS";
				PRODUCT_NAME = "$(TARGET_NAME)";
				SWIFT_VERSION = 3.0;
			};
			name = Release;
		};
		C1B7633D1D2983DD0054C2B0 /* Debug */ = {
			isa = XCBuildConfiguration;
			baseConfigurationReference = 9826534A643C7F0303AB6232 /* Pods-Tests macOS.debug.xcconfig */;
			buildSettings = {
				ALWAYS_EMBED_SWIFT_STANDARD_LIBRARIES = YES;
				CLANG_ENABLE_MODULES = YES;
				COMBINE_HIDPI_IMAGES = YES;
				INFOPLIST_FILE = "Demo macOSTests/Info.plist";
				LD_RUNPATH_SEARCH_PATHS = "$(inherited) @executable_path/../Frameworks @loader_path/../Frameworks";
				PRODUCT_BUNDLE_IDENTIFIER = "com.nakioStudio.Demo-macOSTests";
				PRODUCT_NAME = "$(TARGET_NAME)";
				SWIFT_OBJC_BRIDGING_HEADER = "Demo macOSTests/Tests macOS-Bridging-Header.h";
				SWIFT_OPTIMIZATION_LEVEL = "-Onone";
				TEST_HOST = "$(BUILT_PRODUCTS_DIR)/Demo macOS.app/Contents/MacOS/Demo macOS";
			};
			name = Debug;
		};
		C1B7633E1D2983DD0054C2B0 /* Release */ = {
			isa = XCBuildConfiguration;
			baseConfigurationReference = C5EF169D4A229383D705B53B /* Pods-Tests macOS.release.xcconfig */;
			buildSettings = {
				ALWAYS_EMBED_SWIFT_STANDARD_LIBRARIES = YES;
				CLANG_ENABLE_MODULES = YES;
				COMBINE_HIDPI_IMAGES = YES;
				INFOPLIST_FILE = "Demo macOSTests/Info.plist";
				LD_RUNPATH_SEARCH_PATHS = "$(inherited) @executable_path/../Frameworks @loader_path/../Frameworks";
				PRODUCT_BUNDLE_IDENTIFIER = "com.nakioStudio.Demo-macOSTests";
				PRODUCT_NAME = "$(TARGET_NAME)";
				SWIFT_OBJC_BRIDGING_HEADER = "Demo macOSTests/Tests macOS-Bridging-Header.h";
				TEST_HOST = "$(BUILT_PRODUCTS_DIR)/Demo macOS.app/Contents/MacOS/Demo macOS";
			};
			name = Release;
		};
/* End XCBuildConfiguration section */

/* Begin XCConfigurationList section */
		C1B7631C1D2983DD0054C2B0 /* Build configuration list for PBXProject "Demo macOS" */ = {
			isa = XCConfigurationList;
			buildConfigurations = (
				C1B763371D2983DD0054C2B0 /* Debug */,
				C1B763381D2983DD0054C2B0 /* Release */,
			);
			defaultConfigurationIsVisible = 0;
			defaultConfigurationName = Release;
		};
		C1B763391D2983DD0054C2B0 /* Build configuration list for PBXNativeTarget "Demo macOS" */ = {
			isa = XCConfigurationList;
			buildConfigurations = (
				C1B7633A1D2983DD0054C2B0 /* Debug */,
				C1B7633B1D2983DD0054C2B0 /* Release */,
			);
			defaultConfigurationIsVisible = 0;
			defaultConfigurationName = Release;
		};
		C1B7633C1D2983DD0054C2B0 /* Build configuration list for PBXNativeTarget "Tests macOS" */ = {
			isa = XCConfigurationList;
			buildConfigurations = (
				C1B7633D1D2983DD0054C2B0 /* Debug */,
				C1B7633E1D2983DD0054C2B0 /* Release */,
			);
			defaultConfigurationIsVisible = 0;
			defaultConfigurationName = Release;
		};
/* End XCConfigurationList section */
	};
	rootObject = C1B763191D2983DD0054C2B0 /* Project object */;
}
