// !$*UTF8*$!
{
	archiveVersion = 1;
	classes = {
	};
	objectVersion = 46;
	objects = {

/* Begin PBXBuildFile section */
		5F4C5557DF91D0CE2E13D164 /* Pods_Demo.framework in Frameworks */ = {isa = PBXBuildFile; fileRef = CFF46DAEEB93BD60B6F0FC93 /* Pods_Demo.framework */; };
		7D0608709CC967EA5D9A3ADF /* Pods_Tests.framework in Frameworks */ = {isa = PBXBuildFile; fileRef = D2C8B741B377A61930F09253 /* Pods_Tests.framework */; };
		C1C583CD1D2966B200A70F47 /* AppDelegate.swift in Sources */ = {isa = PBXBuildFile; fileRef = C1C583CC1D2966B200A70F47 /* AppDelegate.swift */; };
		C1C583CF1D2966B200A70F47 /* Assets.xcassets in Resources */ = {isa = PBXBuildFile; fileRef = C1C583CE1D2966B200A70F47 /* Assets.xcassets */; };
		C1C583D21D2966B200A70F47 /* MainMenu.xib in Resources */ = {isa = PBXBuildFile; fileRef = C1C583D01D2966B200A70F47 /* MainMenu.xib */; };
		C1C583DD1D2966B200A70F47 /* EasyPeasyTests.swift in Sources */ = {isa = PBXBuildFile; fileRef = C1C583DC1D2966B200A70F47 /* EasyPeasyTests.swift */; };
/* End PBXBuildFile section */

/* Begin PBXContainerItemProxy section */
		C1C583D91D2966B200A70F47 /* PBXContainerItemProxy */ = {
			isa = PBXContainerItemProxy;
			containerPortal = C1C583C11D2966B200A70F47 /* Project object */;
			proxyType = 1;
			remoteGlobalIDString = C1C583C81D2966B200A70F47;
			remoteInfo = EasyPeasy;
		};
/* End PBXContainerItemProxy section */

/* Begin PBXFileReference section */
		593406FE29418B6B9DA485B9 /* Pods-Tests.release.xcconfig */ = {isa = PBXFileReference; includeInIndex = 1; lastKnownFileType = text.xcconfig; name = "Pods-Tests.release.xcconfig"; path = "../Pods/Target Support Files/Pods-Tests/Pods-Tests.release.xcconfig"; sourceTree = "<group>"; };
		7A0E45BE6E1F44ACA5A0EEC2 /* Pods-Tests.debug.xcconfig */ = {isa = PBXFileReference; includeInIndex = 1; lastKnownFileType = text.xcconfig; name = "Pods-Tests.debug.xcconfig"; path = "../Pods/Target Support Files/Pods-Tests/Pods-Tests.debug.xcconfig"; sourceTree = "<group>"; };
		BC890586BAA1C4103AAC692F /* Pods-Demo.release.xcconfig */ = {isa = PBXFileReference; includeInIndex = 1; lastKnownFileType = text.xcconfig; name = "Pods-Demo.release.xcconfig"; path = "../Pods/Target Support Files/Pods-Demo/Pods-Demo.release.xcconfig"; sourceTree = "<group>"; };
		C1C583C91D2966B200A70F47 /* Demo.app */ = {isa = PBXFileReference; explicitFileType = wrapper.application; includeInIndex = 0; path = Demo.app; sourceTree = BUILT_PRODUCTS_DIR; };
		C1C583CC1D2966B200A70F47 /* AppDelegate.swift */ = {isa = PBXFileReference; lastKnownFileType = sourcecode.swift; path = AppDelegate.swift; sourceTree = "<group>"; };
		C1C583CE1D2966B200A70F47 /* Assets.xcassets */ = {isa = PBXFileReference; lastKnownFileType = folder.assetcatalog; path = Assets.xcassets; sourceTree = "<group>"; };
		C1C583D11D2966B200A70F47 /* Base */ = {isa = PBXFileReference; lastKnownFileType = file.xib; name = Base; path = Base.lproj/MainMenu.xib; sourceTree = "<group>"; };
		C1C583D31D2966B200A70F47 /* Info.plist */ = {isa = PBXFileReference; lastKnownFileType = text.plist.xml; path = Info.plist; sourceTree = "<group>"; };
		C1C583D81D2966B200A70F47 /* Tests.xctest */ = {isa = PBXFileReference; explicitFileType = wrapper.cfbundle; includeInIndex = 0; path = Tests.xctest; sourceTree = BUILT_PRODUCTS_DIR; };
		C1C583DC1D2966B200A70F47 /* EasyPeasyTests.swift */ = {isa = PBXFileReference; lastKnownFileType = sourcecode.swift; path = EasyPeasyTests.swift; sourceTree = "<group>"; };
		C1C583DE1D2966B200A70F47 /* Info.plist */ = {isa = PBXFileReference; lastKnownFileType = text.plist.xml; path = Info.plist; sourceTree = "<group>"; };
		C3986D19C79FCD740118A22A /* Pods-Demo.debug.xcconfig */ = {isa = PBXFileReference; includeInIndex = 1; lastKnownFileType = text.xcconfig; name = "Pods-Demo.debug.xcconfig"; path = "../Pods/Target Support Files/Pods-Demo/Pods-Demo.debug.xcconfig"; sourceTree = "<group>"; };
		CFF46DAEEB93BD60B6F0FC93 /* Pods_Demo.framework */ = {isa = PBXFileReference; explicitFileType = wrapper.framework; includeInIndex = 0; path = Pods_Demo.framework; sourceTree = BUILT_PRODUCTS_DIR; };
		D2C8B741B377A61930F09253 /* Pods_Tests.framework */ = {isa = PBXFileReference; explicitFileType = wrapper.framework; includeInIndex = 0; path = Pods_Tests.framework; sourceTree = BUILT_PRODUCTS_DIR; };
/* End PBXFileReference section */

/* Begin PBXFrameworksBuildPhase section */
		C1C583C61D2966B200A70F47 /* Frameworks */ = {
			isa = PBXFrameworksBuildPhase;
			buildActionMask = 2147483647;
			files = (
				5F4C5557DF91D0CE2E13D164 /* Pods_Demo.framework in Frameworks */,
			);
			runOnlyForDeploymentPostprocessing = 0;
		};
		C1C583D51D2966B200A70F47 /* Frameworks */ = {
			isa = PBXFrameworksBuildPhase;
			buildActionMask = 2147483647;
			files = (
				7D0608709CC967EA5D9A3ADF /* Pods_Tests.framework in Frameworks */,
			);
			runOnlyForDeploymentPostprocessing = 0;
		};
/* End PBXFrameworksBuildPhase section */

/* Begin PBXGroup section */
		B325A9800CBDD5AA0DE4EC92 /* Pods */ = {
			isa = PBXGroup;
			children = (
				C3986D19C79FCD740118A22A /* Pods-Demo.debug.xcconfig */,
				BC890586BAA1C4103AAC692F /* Pods-Demo.release.xcconfig */,
				7A0E45BE6E1F44ACA5A0EEC2 /* Pods-Tests.debug.xcconfig */,
				593406FE29418B6B9DA485B9 /* Pods-Tests.release.xcconfig */,
			);
			name = Pods;
			sourceTree = "<group>";
		};
		C1C583C01D2966B200A70F47 = {
			isa = PBXGroup;
			children = (
				C1C583CB1D2966B200A70F47 /* EasyPeasy */,
				C1C583DB1D2966B200A70F47 /* EasyPeasyTests */,
				C1C583CA1D2966B200A70F47 /* Products */,
				B325A9800CBDD5AA0DE4EC92 /* Pods */,
				DA0766F4F6F314F3077D67E4 /* Frameworks */,
			);
			sourceTree = "<group>";
		};
		C1C583CA1D2966B200A70F47 /* Products */ = {
			isa = PBXGroup;
			children = (
				C1C583C91D2966B200A70F47 /* Demo.app */,
				C1C583D81D2966B200A70F47 /* Tests.xctest */,
			);
			name = Products;
			sourceTree = "<group>";
		};
		C1C583CB1D2966B200A70F47 /* EasyPeasy */ = {
			isa = PBXGroup;
			children = (
				C1C583CC1D2966B200A70F47 /* AppDelegate.swift */,
				C1C583CE1D2966B200A70F47 /* Assets.xcassets */,
				C1C583D01D2966B200A70F47 /* MainMenu.xib */,
				C1C583D31D2966B200A70F47 /* Info.plist */,
			);
			path = EasyPeasy;
			sourceTree = "<group>";
		};
		C1C583DB1D2966B200A70F47 /* EasyPeasyTests */ = {
			isa = PBXGroup;
			children = (
				C1C583DC1D2966B200A70F47 /* EasyPeasyTests.swift */,
				C1C583DE1D2966B200A70F47 /* Info.plist */,
			);
			path = EasyPeasyTests;
			sourceTree = "<group>";
		};
		DA0766F4F6F314F3077D67E4 /* Frameworks */ = {
			isa = PBXGroup;
			children = (
				CFF46DAEEB93BD60B6F0FC93 /* Pods_Demo.framework */,
				D2C8B741B377A61930F09253 /* Pods_Tests.framework */,
			);
			name = Frameworks;
			sourceTree = "<group>";
		};
/* End PBXGroup section */

/* Begin PBXNativeTarget section */
		C1C583C81D2966B200A70F47 /* Demo */ = {
			isa = PBXNativeTarget;
			buildConfigurationList = C1C583E11D2966B200A70F47 /* Build configuration list for PBXNativeTarget "Demo" */;
			buildPhases = (
				D3F5F03467F44294ABA9C0F8 /* [CP] Check Pods Manifest.lock */,
				C1C583C51D2966B200A70F47 /* Sources */,
				C1C583C61D2966B200A70F47 /* Frameworks */,
				C1C583C71D2966B200A70F47 /* Resources */,
				6D0A737EB469EEE4FF79E6A4 /* [CP] Embed Pods Frameworks */,
				DB49E105187E3C0FF3917A06 /* [CP] Copy Pods Resources */,
			);
			buildRules = (
			);
			dependencies = (
			);
			name = Demo;
			productName = EasyPeasy;
			productReference = C1C583C91D2966B200A70F47 /* Demo.app */;
			productType = "com.apple.product-type.application";
		};
		C1C583D71D2966B200A70F47 /* Tests */ = {
			isa = PBXNativeTarget;
			buildConfigurationList = C1C583E41D2966B200A70F47 /* Build configuration list for PBXNativeTarget "Tests" */;
			buildPhases = (
				CFE58FC77477F262AD362815 /* [CP] Check Pods Manifest.lock */,
				C1C583D41D2966B200A70F47 /* Sources */,
				C1C583D51D2966B200A70F47 /* Frameworks */,
				C1C583D61D2966B200A70F47 /* Resources */,
				5516DE9FB679894203E04A34 /* [CP] Embed Pods Frameworks */,
				B4166D61BE96BC4EFAA3BDD2 /* [CP] Copy Pods Resources */,
			);
			buildRules = (
			);
			dependencies = (
				C1C583DA1D2966B200A70F47 /* PBXTargetDependency */,
			);
			name = Tests;
			productName = EasyPeasyTests;
			productReference = C1C583D81D2966B200A70F47 /* Tests.xctest */;
			productType = "com.apple.product-type.bundle.unit-test";
		};
/* End PBXNativeTarget section */

/* Begin PBXProject section */
		C1C583C11D2966B200A70F47 /* Project object */ = {
			isa = PBXProject;
			attributes = {
				LastSwiftUpdateCheck = 0730;
				LastUpgradeCheck = 0730;
				ORGANIZATIONNAME = nakioStudio;
				TargetAttributes = {
					C1C583C81D2966B200A70F47 = {
						CreatedOnToolsVersion = 7.3.1;
					};
					C1C583D71D2966B200A70F47 = {
						CreatedOnToolsVersion = 7.3.1;
						TestTargetID = C1C583C81D2966B200A70F47;
					};
				};
			};
			buildConfigurationList = C1C583C41D2966B200A70F47 /* Build configuration list for PBXProject "EasyPeasy" */;
			compatibilityVersion = "Xcode 3.2";
			developmentRegion = English;
			hasScannedForEncodings = 0;
			knownRegions = (
				en,
				Base,
			);
			mainGroup = C1C583C01D2966B200A70F47;
			productRefGroup = C1C583CA1D2966B200A70F47 /* Products */;
			projectDirPath = "";
			projectRoot = "";
			targets = (
				C1C583C81D2966B200A70F47 /* Demo */,
				C1C583D71D2966B200A70F47 /* Tests */,
			);
		};
/* End PBXProject section */

/* Begin PBXResourcesBuildPhase section */
		C1C583C71D2966B200A70F47 /* Resources */ = {
			isa = PBXResourcesBuildPhase;
			buildActionMask = 2147483647;
			files = (
				C1C583CF1D2966B200A70F47 /* Assets.xcassets in Resources */,
				C1C583D21D2966B200A70F47 /* MainMenu.xib in Resources */,
			);
			runOnlyForDeploymentPostprocessing = 0;
		};
		C1C583D61D2966B200A70F47 /* Resources */ = {
			isa = PBXResourcesBuildPhase;
			buildActionMask = 2147483647;
			files = (
			);
			runOnlyForDeploymentPostprocessing = 0;
		};
/* End PBXResourcesBuildPhase section */

/* Begin PBXShellScriptBuildPhase section */
		5516DE9FB679894203E04A34 /* [CP] Embed Pods Frameworks */ = {
			isa = PBXShellScriptBuildPhase;
			buildActionMask = 2147483647;
			files = (
			);
			inputPaths = (
			);
			name = "[CP] Embed Pods Frameworks";
			outputPaths = (
			);
			runOnlyForDeploymentPostprocessing = 0;
			shellPath = /bin/sh;
			shellScript = "\"${SRCROOT}/../Pods/Target Support Files/Pods-Tests/Pods-Tests-frameworks.sh\"\n";
			showEnvVarsInLog = 0;
		};
		6D0A737EB469EEE4FF79E6A4 /* [CP] Embed Pods Frameworks */ = {
			isa = PBXShellScriptBuildPhase;
			buildActionMask = 2147483647;
			files = (
			);
			inputPaths = (
			);
			name = "[CP] Embed Pods Frameworks";
			outputPaths = (
			);
			runOnlyForDeploymentPostprocessing = 0;
			shellPath = /bin/sh;
			shellScript = "\"${SRCROOT}/../Pods/Target Support Files/Pods-Demo/Pods-Demo-frameworks.sh\"\n";
			showEnvVarsInLog = 0;
		};
		B4166D61BE96BC4EFAA3BDD2 /* [CP] Copy Pods Resources */ = {
			isa = PBXShellScriptBuildPhase;
			buildActionMask = 2147483647;
			files = (
			);
			inputPaths = (
			);
			name = "[CP] Copy Pods Resources";
			outputPaths = (
			);
			runOnlyForDeploymentPostprocessing = 0;
			shellPath = /bin/sh;
			shellScript = "\"${SRCROOT}/../Pods/Target Support Files/Pods-Tests/Pods-Tests-resources.sh\"\n";
			showEnvVarsInLog = 0;
		};
		CFE58FC77477F262AD362815 /* [CP] Check Pods Manifest.lock */ = {
			isa = PBXShellScriptBuildPhase;
			buildActionMask = 2147483647;
			files = (
			);
			inputPaths = (
			);
			name = "[CP] Check Pods Manifest.lock";
			outputPaths = (
			);
			runOnlyForDeploymentPostprocessing = 0;
			shellPath = /bin/sh;
			shellScript = "diff \"${PODS_ROOT}/../Podfile.lock\" \"${PODS_ROOT}/Manifest.lock\" > /dev/null\nif [[ $? != 0 ]] ; then\n    cat << EOM\nerror: The sandbox is not in sync with the Podfile.lock. Run 'pod install' or update your CocoaPods installation.\nEOM\n    exit 1\nfi\n";
			showEnvVarsInLog = 0;
		};
		D3F5F03467F44294ABA9C0F8 /* [CP] Check Pods Manifest.lock */ = {
			isa = PBXShellScriptBuildPhase;
			buildActionMask = 2147483647;
			files = (
			);
			inputPaths = (
			);
			name = "[CP] Check Pods Manifest.lock";
			outputPaths = (
			);
			runOnlyForDeploymentPostprocessing = 0;
			shellPath = /bin/sh;
			shellScript = "diff \"${PODS_ROOT}/../Podfile.lock\" \"${PODS_ROOT}/Manifest.lock\" > /dev/null\nif [[ $? != 0 ]] ; then\n    cat << EOM\nerror: The sandbox is not in sync with the Podfile.lock. Run 'pod install' or update your CocoaPods installation.\nEOM\n    exit 1\nfi\n";
			showEnvVarsInLog = 0;
		};
		DB49E105187E3C0FF3917A06 /* [CP] Copy Pods Resources */ = {
			isa = PBXShellScriptBuildPhase;
			buildActionMask = 2147483647;
			files = (
			);
			inputPaths = (
			);
			name = "[CP] Copy Pods Resources";
			outputPaths = (
			);
			runOnlyForDeploymentPostprocessing = 0;
			shellPath = /bin/sh;
			shellScript = "\"${SRCROOT}/../Pods/Target Support Files/Pods-Demo/Pods-Demo-resources.sh\"\n";
			showEnvVarsInLog = 0;
		};
/* End PBXShellScriptBuildPhase section */

/* Begin PBXSourcesBuildPhase section */
		C1C583C51D2966B200A70F47 /* Sources */ = {
			isa = PBXSourcesBuildPhase;
			buildActionMask = 2147483647;
			files = (
				C1C583CD1D2966B200A70F47 /* AppDelegate.swift in Sources */,
			);
			runOnlyForDeploymentPostprocessing = 0;
		};
		C1C583D41D2966B200A70F47 /* Sources */ = {
			isa = PBXSourcesBuildPhase;
			buildActionMask = 2147483647;
			files = (
				C1C583DD1D2966B200A70F47 /* EasyPeasyTests.swift in Sources */,
			);
			runOnlyForDeploymentPostprocessing = 0;
		};
/* End PBXSourcesBuildPhase section */

/* Begin PBXTargetDependency section */
		C1C583DA1D2966B200A70F47 /* PBXTargetDependency */ = {
			isa = PBXTargetDependency;
			target = C1C583C81D2966B200A70F47 /* Demo */;
			targetProxy = C1C583D91D2966B200A70F47 /* PBXContainerItemProxy */;
		};
/* End PBXTargetDependency section */

/* Begin PBXVariantGroup section */
		C1C583D01D2966B200A70F47 /* MainMenu.xib */ = {
			isa = PBXVariantGroup;
			children = (
				C1C583D11D2966B200A70F47 /* Base */,
			);
			name = MainMenu.xib;
			sourceTree = "<group>";
		};
/* End PBXVariantGroup section */

/* Begin XCBuildConfiguration section */
		C1C583DF1D2966B200A70F47 /* Debug */ = {
			isa = XCBuildConfiguration;
			buildSettings = {
				ALWAYS_SEARCH_USER_PATHS = NO;
				CLANG_ANALYZER_NONNULL = YES;
				CLANG_CXX_LANGUAGE_STANDARD = "gnu++0x";
				CLANG_CXX_LIBRARY = "libc++";
				CLANG_ENABLE_MODULES = YES;
				CLANG_ENABLE_OBJC_ARC = YES;
				CLANG_WARN_BOOL_CONVERSION = YES;
				CLANG_WARN_CONSTANT_CONVERSION = YES;
				CLANG_WARN_DIRECT_OBJC_ISA_USAGE = YES_ERROR;
				CLANG_WARN_EMPTY_BODY = YES;
				CLANG_WARN_ENUM_CONVERSION = YES;
				CLANG_WARN_INT_CONVERSION = YES;
				CLANG_WARN_OBJC_ROOT_CLASS = YES_ERROR;
				CLANG_WARN_UNREACHABLE_CODE = YES;
				CLANG_WARN__DUPLICATE_METHOD_MATCH = YES;
				CODE_SIGN_IDENTITY = "-";
				COPY_PHASE_STRIP = NO;
				DEBUG_INFORMATION_FORMAT = dwarf;
				ENABLE_STRICT_OBJC_MSGSEND = YES;
				ENABLE_TESTABILITY = YES;
				GCC_C_LANGUAGE_STANDARD = gnu99;
				GCC_DYNAMIC_NO_PIC = NO;
				GCC_NO_COMMON_BLOCKS = YES;
				GCC_OPTIMIZATION_LEVEL = 0;
				GCC_PREPROCESSOR_DEFINITIONS = (
					"DEBUG=1",
					"$(inherited)",
				);
				GCC_WARN_64_TO_32_BIT_CONVERSION = YES;
				GCC_WARN_ABOUT_RETURN_TYPE = YES_ERROR;
				GCC_WARN_UNDECLARED_SELECTOR = YES;
				GCC_WARN_UNINITIALIZED_AUTOS = YES_AGGRESSIVE;
				GCC_WARN_UNUSED_FUNCTION = YES;
				GCC_WARN_UNUSED_VARIABLE = YES;
				MACOSX_DEPLOYMENT_TARGET = 10.10;
				MTL_ENABLE_DEBUG_INFO = YES;
				ONLY_ACTIVE_ARCH = YES;
				SDKROOT = macosx;
				SWIFT_OPTIMIZATION_LEVEL = "-Onone";
			};
			name = Debug;
		};
		C1C583E01D2966B200A70F47 /* Release */ = {
			isa = XCBuildConfiguration;
			buildSettings = {
				ALWAYS_SEARCH_USER_PATHS = NO;
				CLANG_ANALYZER_NONNULL = YES;
				CLANG_CXX_LANGUAGE_STANDARD = "gnu++0x";
				CLANG_CXX_LIBRARY = "libc++";
				CLANG_ENABLE_MODULES = YES;
				CLANG_ENABLE_OBJC_ARC = YES;
				CLANG_WARN_BOOL_CONVERSION = YES;
				CLANG_WARN_CONSTANT_CONVERSION = YES;
				CLANG_WARN_DIRECT_OBJC_ISA_USAGE = YES_ERROR;
				CLANG_WARN_EMPTY_BODY = YES;
				CLANG_WARN_ENUM_CONVERSION = YES;
				CLANG_WARN_INT_CONVERSION = YES;
				CLANG_WARN_OBJC_ROOT_CLASS = YES_ERROR;
				CLANG_WARN_UNREACHABLE_CODE = YES;
				CLANG_WARN__DUPLICATE_METHOD_MATCH = YES;
				CODE_SIGN_IDENTITY = "-";
				COPY_PHASE_STRIP = NO;
				DEBUG_INFORMATION_FORMAT = "dwarf-with-dsym";
				ENABLE_NS_ASSERTIONS = NO;
				ENABLE_STRICT_OBJC_MSGSEND = YES;
				GCC_C_LANGUAGE_STANDARD = gnu99;
				GCC_NO_COMMON_BLOCKS = YES;
				GCC_WARN_64_TO_32_BIT_CONVERSION = YES;
				GCC_WARN_ABOUT_RETURN_TYPE = YES_ERROR;
				GCC_WARN_UNDECLARED_SELECTOR = YES;
				GCC_WARN_UNINITIALIZED_AUTOS = YES_AGGRESSIVE;
				GCC_WARN_UNUSED_FUNCTION = YES;
				GCC_WARN_UNUSED_VARIABLE = YES;
				MACOSX_DEPLOYMENT_TARGET = 10.10;
				MTL_ENABLE_DEBUG_INFO = NO;
				SDKROOT = macosx;
			};
			name = Release;
		};
		C1C583E21D2966B200A70F47 /* Debug */ = {
			isa = XCBuildConfiguration;
			baseConfigurationReference = C3986D19C79FCD740118A22A /* Pods-Demo.debug.xcconfig */;
			buildSettings = {
				ASSETCATALOG_COMPILER_APPICON_NAME = AppIcon;
				COMBINE_HIDPI_IMAGES = YES;
				INFOPLIST_FILE = EasyPeasy/Info.plist;
				LD_RUNPATH_SEARCH_PATHS = "$(inherited) @executable_path/../Frameworks";
				PRODUCT_BUNDLE_IDENTIFIER = com.nakioStudio.EasyPeasy;
				PRODUCT_NAME = "$(TARGET_NAME)";
			};
			name = Debug;
		};
		C1C583E31D2966B200A70F47 /* Release */ = {
			isa = XCBuildConfiguration;
			baseConfigurationReference = BC890586BAA1C4103AAC692F /* Pods-Demo.release.xcconfig */;
			buildSettings = {
				ASSETCATALOG_COMPILER_APPICON_NAME = AppIcon;
				COMBINE_HIDPI_IMAGES = YES;
				INFOPLIST_FILE = EasyPeasy/Info.plist;
				LD_RUNPATH_SEARCH_PATHS = "$(inherited) @executable_path/../Frameworks";
				PRODUCT_BUNDLE_IDENTIFIER = com.nakioStudio.EasyPeasy;
				PRODUCT_NAME = "$(TARGET_NAME)";
			};
			name = Release;
		};
		C1C583E51D2966B200A70F47 /* Debug */ = {
			isa = XCBuildConfiguration;
			baseConfigurationReference = 7A0E45BE6E1F44ACA5A0EEC2 /* Pods-Tests.debug.xcconfig */;
			buildSettings = {
				BUNDLE_LOADER = "$(TEST_HOST)";
				COMBINE_HIDPI_IMAGES = YES;
				INFOPLIST_FILE = EasyPeasyTests/Info.plist;
				LD_RUNPATH_SEARCH_PATHS = "$(inherited) @executable_path/../Frameworks @loader_path/../Frameworks";
				PRODUCT_BUNDLE_IDENTIFIER = com.nakioStudio.EasyPeasyTests;
				PRODUCT_NAME = "$(TARGET_NAME)";
				TEST_HOST = "$(BUILT_PRODUCTS_DIR)/EasyPeasy.app/Contents/MacOS/EasyPeasy";
			};
			name = Debug;
		};
		C1C583E61D2966B200A70F47 /* Release */ = {
			isa = XCBuildConfiguration;
			baseConfigurationReference = 593406FE29418B6B9DA485B9 /* Pods-Tests.release.xcconfig */;
			buildSettings = {
				BUNDLE_LOADER = "$(TEST_HOST)";
				COMBINE_HIDPI_IMAGES = YES;
				INFOPLIST_FILE = EasyPeasyTests/Info.plist;
				LD_RUNPATH_SEARCH_PATHS = "$(inherited) @executable_path/../Frameworks @loader_path/../Frameworks";
				PRODUCT_BUNDLE_IDENTIFIER = com.nakioStudio.EasyPeasyTests;
				PRODUCT_NAME = "$(TARGET_NAME)";
				TEST_HOST = "$(BUILT_PRODUCTS_DIR)/EasyPeasy.app/Contents/MacOS/EasyPeasy";
			};
			name = Release;
		};
/* End XCBuildConfiguration section */

/* Begin XCConfigurationList section */
		C1C583C41D2966B200A70F47 /* Build configuration list for PBXProject "EasyPeasy" */ = {
			isa = XCConfigurationList;
			buildConfigurations = (
				C1C583DF1D2966B200A70F47 /* Debug */,
				C1C583E01D2966B200A70F47 /* Release */,
			);
			defaultConfigurationIsVisible = 0;
			defaultConfigurationName = Release;
		};
		C1C583E11D2966B200A70F47 /* Build configuration list for PBXNativeTarget "Demo" */ = {
			isa = XCConfigurationList;
			buildConfigurations = (
				C1C583E21D2966B200A70F47 /* Debug */,
				C1C583E31D2966B200A70F47 /* Release */,
			);
			defaultConfigurationIsVisible = 0;
			defaultConfigurationName = Release;
		};
		C1C583E41D2966B200A70F47 /* Build configuration list for PBXNativeTarget "Tests" */ = {
			isa = XCConfigurationList;
			buildConfigurations = (
				C1C583E51D2966B200A70F47 /* Debug */,
				C1C583E61D2966B200A70F47 /* Release */,
			);
			defaultConfigurationIsVisible = 0;
			defaultConfigurationName = Release;
		};
/* End XCConfigurationList section */
	};
	rootObject = C1C583C11D2966B200A70F47 /* Project object */;
}
